
Microsoft Visual Studio Solution File, Format Version 12.00
# Visual Studio Version 17
VisualStudioVersion = 17.2.32602.215
MinimumVisualStudioVersion = 10.0.40219.1
Project("{FAE04EC0-301F-11D3-BF4B-00C04F79EFBC}") = "PM1_1-1_Class_20221007", "PM1_1-1_Class_20221007.csproj", "{933C88FE-BB9F-4123-9225-32E4CDB22481}"
EndProject
Global
	GlobalSection(SolutionConfigurationPlatforms) = preSolution
		Debug|Any CPU = Debug|Any CPU
		Release|Any CPU = Release|Any CPU
	EndGlobalSection
	GlobalSection(ProjectConfigurationPlatforms) = postSolution
		{933C88FE-BB9F-4123-9225-32E4CDB22481}.Debug|Any CPU.ActiveCfg = Debug|Any CPU
		{933C88FE-BB9F-4123-9225-32E4CDB22481}.Debug|Any CPU.Build.0 = Debug|Any CPU
		{933C88FE-BB9F-4123-9225-32E4CDB22481}.Release|Any CPU.ActiveCfg = Release|Any CPU
		{933C88FE-BB9F-4123-9225-32E4CDB22481}.Release|Any CPU.Build.0 = Release|Any CPU
	EndGlobalSection
	GlobalSection(SolutionProperties) = preSolution
		HideSolutionNode = FALSE
	EndGlobalSection
	GlobalSection(ExtensibilityGlobals) = postSolution
		SolutionGuid = {20266A76-6CA8-4411-A59C-7E6C70816442}
	EndGlobalSection
EndGlobal
